
Microsoft Visual Studio Solution File, Format Version 12.00
# Visual Studio 15
VisualStudioVersion = 15.0.28307.102
MinimumVisualStudioVersion = 10.0.40219.1
Project("{FAE04EC0-301F-11D3-BF4B-00C04F79EFBC}") = "Vue", "Vue\Vue.csproj", "{F62DF110-6953-438B-8A84-898D2263A6A3}"
EndProject
Project("{FAE04EC0-301F-11D3-BF4B-00C04F79EFBC}") = "Controller", "Controller\Controller.csproj", "{85FBA375-C063-48BA-A280-67914E390B19}"
EndProject
Project("{FAE04EC0-301F-11D3-BF4B-00C04F79EFBC}") = "Model", "Model\Model.csproj", "{E35AEDD6-E287-4BE1-B30A-C65283E82F9F}"
EndProject
Project("{FAE04EC0-301F-11D3-BF4B-00C04F79EFBC}") = "UnitTestProject2", "UnitTestProject2\UnitTestProject2.csproj", "{CDC4E8B0-7AFF-449F-9FBA-99014A253899}"
EndProject
Global
	GlobalSection(SolutionConfigurationPlatforms) = preSolution
		Debug|Any CPU = Debug|Any CPU
		Release|Any CPU = Release|Any CPU
	EndGlobalSection
	GlobalSection(ProjectConfigurationPlatforms) = postSolution
		{F62DF110-6953-438B-8A84-898D2263A6A3}.Debug|Any CPU.ActiveCfg = Debug|Any CPU
		{F62DF110-6953-438B-8A84-898D2263A6A3}.Debug|Any CPU.Build.0 = Debug|Any CPU
		{F62DF110-6953-438B-8A84-898D2263A6A3}.Release|Any CPU.ActiveCfg = Release|Any CPU
		{F62DF110-6953-438B-8A84-898D2263A6A3}.Release|Any CPU.Build.0 = Release|Any CPU
		{85FBA375-C063-48BA-A280-67914E390B19}.Debug|Any CPU.ActiveCfg = Debug|Any CPU
		{85FBA375-C063-48BA-A280-67914E390B19}.Debug|Any CPU.Build.0 = Debug|Any CPU
		{85FBA375-C063-48BA-A280-67914E390B19}.Release|Any CPU.ActiveCfg = Release|Any CPU
		{85FBA375-C063-48BA-A280-67914E390B19}.Release|Any CPU.Build.0 = Release|Any CPU
		{E35AEDD6-E287-4BE1-B30A-C65283E82F9F}.Debug|Any CPU.ActiveCfg = Debug|Any CPU
		{E35AEDD6-E287-4BE1-B30A-C65283E82F9F}.Debug|Any CPU.Build.0 = Debug|Any CPU
		{E35AEDD6-E287-4BE1-B30A-C65283E82F9F}.Release|Any CPU.ActiveCfg = Release|Any CPU
		{E35AEDD6-E287-4BE1-B30A-C65283E82F9F}.Release|Any CPU.Build.0 = Release|Any CPU
		{CDC4E8B0-7AFF-449F-9FBA-99014A253899}.Debug|Any CPU.ActiveCfg = Debug|Any CPU
		{CDC4E8B0-7AFF-449F-9FBA-99014A253899}.Debug|Any CPU.Build.0 = Debug|Any CPU
		{CDC4E8B0-7AFF-449F-9FBA-99014A253899}.Release|Any CPU.ActiveCfg = Release|Any CPU
		{CDC4E8B0-7AFF-449F-9FBA-99014A253899}.Release|Any CPU.Build.0 = Release|Any CPU
	EndGlobalSection
	GlobalSection(SolutionProperties) = preSolution
		HideSolutionNode = FALSE
	EndGlobalSection
	GlobalSection(ExtensibilityGlobals) = postSolution
		SolutionGuid = {581248E5-4688-4BCD-BB3B-AB063DE07EFB}
	EndGlobalSection
EndGlobal
